// !$*UTF8*$!
{
	archiveVersion = 1;
	classes = {
	};
	objectVersion = 51;
	objects = {

/* Begin PBXBuildFile section */
		BBDC7D9D9B43B9354D4A188F /* Pods_TeslaConcept.framework in Frameworks */ = {isa = PBXBuildFile; fileRef = 53727D41AA6A19FFB3E068DD /* Pods_TeslaConcept.framework */; };
		F121CFD3251F9AEC003143D7 /* mapStyleConfig.json in Resources */ = {isa = PBXBuildFile; fileRef = F121CFD2251F9AEC003143D7 /* mapStyleConfig.json */; };
		F121CFDB251FBAFF003143D7 /* LeftViewModel.swift in Sources */ = {isa = PBXBuildFile; fileRef = F121CFDA251FBAFF003143D7 /* LeftViewModel.swift */; };
		F121CFDF251FE694003143D7 /* Store.swift in Sources */ = {isa = PBXBuildFile; fileRef = F121CFDE251FE694003143D7 /* Store.swift */; };
		FA4B8816251D10B7005ECE5F /* SplitViewController.swift in Sources */ = {isa = PBXBuildFile; fileRef = FA4B8815251D10B7005ECE5F /* SplitViewController.swift */; };
		FA4B8818251D130B005ECE5F /* LeftViewController.swift in Sources */ = {isa = PBXBuildFile; fileRef = FA4B8817251D130B005ECE5F /* LeftViewController.swift */; };
		FA4B881A251D1A96005ECE5F /* Left.xcassets in Resources */ = {isa = PBXBuildFile; fileRef = FA4B8819251D1A96005ECE5F /* Left.xcassets */; };
		FA4B881C251D458B005ECE5F /* RightViewController.swift in Sources */ = {isa = PBXBuildFile; fileRef = FA4B881B251D458B005ECE5F /* RightViewController.swift */; };
		FA6237FC2524801600CCBF8C /* PrimaryButton.swift in Sources */ = {isa = PBXBuildFile; fileRef = FA6237FB2524801600CCBF8C /* PrimaryButton.swift */; };
		FA6238002524817400CCBF8C /* AppColors.xcassets in Resources */ = {isa = PBXBuildFile; fileRef = FA6237FF2524817400CCBF8C /* AppColors.xcassets */; };
		FA62381025248B6800CCBF8C /* Track.swift in Sources */ = {isa = PBXBuildFile; fileRef = FA62380F25248B6800CCBF8C /* Track.swift */; };
		FA62381D2524992500CCBF8C /* Location.swift in Sources */ = {isa = PBXBuildFile; fileRef = FA62381C2524992500CCBF8C /* Location.swift */; };
		FA62382425249B2D00CCBF8C /* MapViewModel.swift in Sources */ = {isa = PBXBuildFile; fileRef = FA62382325249B2D00CCBF8C /* MapViewModel.swift */; };
		FA62383B25273E2000CCBF8C /* MusicTracksViewModel.swift in Sources */ = {isa = PBXBuildFile; fileRef = FA62383A25273E2000CCBF8C /* MusicTracksViewModel.swift */; };
		FA62383F25273E5200CCBF8C /* MusicTracksViewController.swift in Sources */ = {isa = PBXBuildFile; fileRef = FA62383E25273E5200CCBF8C /* MusicTracksViewController.swift */; };
		FA62384325273F6900CCBF8C /* Coordinator.swift in Sources */ = {isa = PBXBuildFile; fileRef = FA62384225273F6900CCBF8C /* Coordinator.swift */; };
		FA6238472527408D00CCBF8C /* AppCoordinator.swift in Sources */ = {isa = PBXBuildFile; fileRef = FA6238462527408D00CCBF8C /* AppCoordinator.swift */; };
		FA62384A2527429E00CCBF8C /* DIContainer.swift in Sources */ = {isa = PBXBuildFile; fileRef = FA6238492527429E00CCBF8C /* DIContainer.swift */; };
		FA62384E252744B200CCBF8C /* RightCoordinator.swift in Sources */ = {isa = PBXBuildFile; fileRef = FA62384D252744B200CCBF8C /* RightCoordinator.swift */; };
		FA623852252770D400CCBF8C /* MainCoordinator.swift in Sources */ = {isa = PBXBuildFile; fileRef = FA623851252770D400CCBF8C /* MainCoordinator.swift */; };
		FA623856252779BD00CCBF8C /* MusicTracksCoordinator.swift in Sources */ = {isa = PBXBuildFile; fileRef = FA623855252779BD00CCBF8C /* MusicTracksCoordinator.swift */; };
		FA62385B2528656500CCBF8C /* RowLayout.swift in Sources */ = {isa = PBXBuildFile; fileRef = FA62385A2528656500CCBF8C /* RowLayout.swift */; };
		FA62385F25286B5D00CCBF8C /* MusicTracks.xcassets in Resources */ = {isa = PBXBuildFile; fileRef = FA62385E25286B5D00CCBF8C /* MusicTracks.xcassets */; };
		FA62386325286BC000CCBF8C /* MusicTrackCell.swift in Sources */ = {isa = PBXBuildFile; fileRef = FA62386225286BC000CCBF8C /* MusicTrackCell.swift */; };
		FA62386F2528812300CCBF8C /* Right.xcassets in Resources */ = {isa = PBXBuildFile; fileRef = FA62386E2528812300CCBF8C /* Right.xcassets */; };
		FA6238722528824E00CCBF8C /* Player.xcassets in Resources */ = {isa = PBXBuildFile; fileRef = FA6238712528824E00CCBF8C /* Player.xcassets */; };
		FA6238762528974100CCBF8C /* User.swift in Sources */ = {isa = PBXBuildFile; fileRef = FA6238752528974100CCBF8C /* User.swift */; };
		FA62387A25289A1300CCBF8C /* LoginViewController.swift in Sources */ = {isa = PBXBuildFile; fileRef = FA62387925289A1300CCBF8C /* LoginViewController.swift */; };
		FA62387E25289A4900CCBF8C /* LoginCoordinator.swift in Sources */ = {isa = PBXBuildFile; fileRef = FA62387D25289A4900CCBF8C /* LoginCoordinator.swift */; };
		FA62388125289A6100CCBF8C /* LoginViewModel.swift in Sources */ = {isa = PBXBuildFile; fileRef = FA62388025289A6100CCBF8C /* LoginViewModel.swift */; };
		FA62388425289AEE00CCBF8C /* Colors.swift in Sources */ = {isa = PBXBuildFile; fileRef = FA62388325289AEE00CCBF8C /* Colors.swift */; };
		FA62389025289D2800CCBF8C /* UserDefaults+auth.swift in Sources */ = {isa = PBXBuildFile; fileRef = FA62388F25289D2800CCBF8C /* UserDefaults+auth.swift */; };
		FA6238942528F3CE00CCBF8C /* RegistraionCoordinator.swift in Sources */ = {isa = PBXBuildFile; fileRef = FA6238932528F3CE00CCBF8C /* RegistraionCoordinator.swift */; };
		FA6238982528F48800CCBF8C /* RegstrationViewController.swift in Sources */ = {isa = PBXBuildFile; fileRef = FA6238972528F48800CCBF8C /* RegstrationViewController.swift */; };
		FA62389B25291CBC00CCBF8C /* RegistrationViewModel.swift in Sources */ = {isa = PBXBuildFile; fileRef = FA62389A25291CBC00CCBF8C /* RegistrationViewModel.swift */; };
		FA88C87C251A6C28002C9A7F /* AppDelegate.swift in Sources */ = {isa = PBXBuildFile; fileRef = FA88C87B251A6C28002C9A7F /* AppDelegate.swift */; };
		FA88C885251A6C2B002C9A7F /* Assets.xcassets in Resources */ = {isa = PBXBuildFile; fileRef = FA88C884251A6C2B002C9A7F /* Assets.xcassets */; };
		FA88C888251A6C2B002C9A7F /* LaunchScreen.storyboard in Resources */ = {isa = PBXBuildFile; fileRef = FA88C886251A6C2B002C9A7F /* LaunchScreen.storyboard */; };
/* End PBXBuildFile section */

/* Begin PBXFileReference section */
		452158478D1AFB3950D2AC54 /* Pods-TeslaConcept.debug.xcconfig */ = {isa = PBXFileReference; includeInIndex = 1; lastKnownFileType = text.xcconfig; name = "Pods-TeslaConcept.debug.xcconfig"; path = "Target Support Files/Pods-TeslaConcept/Pods-TeslaConcept.debug.xcconfig"; sourceTree = "<group>"; };
		53727D41AA6A19FFB3E068DD /* Pods_TeslaConcept.framework */ = {isa = PBXFileReference; explicitFileType = wrapper.framework; includeInIndex = 0; path = Pods_TeslaConcept.framework; sourceTree = BUILT_PRODUCTS_DIR; };
		F121CFD2251F9AEC003143D7 /* mapStyleConfig.json */ = {isa = PBXFileReference; fileEncoding = 4; lastKnownFileType = text.json; path = mapStyleConfig.json; sourceTree = "<group>"; };
		F121CFDA251FBAFF003143D7 /* LeftViewModel.swift */ = {isa = PBXFileReference; lastKnownFileType = sourcecode.swift; path = LeftViewModel.swift; sourceTree = "<group>"; };
		F121CFDE251FE694003143D7 /* Store.swift */ = {isa = PBXFileReference; lastKnownFileType = sourcecode.swift; path = Store.swift; sourceTree = "<group>"; };
		FA4B8815251D10B7005ECE5F /* SplitViewController.swift */ = {isa = PBXFileReference; lastKnownFileType = sourcecode.swift; path = SplitViewController.swift; sourceTree = "<group>"; };
		FA4B8817251D130B005ECE5F /* LeftViewController.swift */ = {isa = PBXFileReference; lastKnownFileType = sourcecode.swift; path = LeftViewController.swift; sourceTree = "<group>"; };
		FA4B8819251D1A96005ECE5F /* Left.xcassets */ = {isa = PBXFileReference; lastKnownFileType = folder.assetcatalog; path = Left.xcassets; sourceTree = "<group>"; };
		FA4B881B251D458B005ECE5F /* RightViewController.swift */ = {isa = PBXFileReference; lastKnownFileType = sourcecode.swift; path = RightViewController.swift; sourceTree = "<group>"; };
		FA6237FB2524801600CCBF8C /* PrimaryButton.swift */ = {isa = PBXFileReference; lastKnownFileType = sourcecode.swift; path = PrimaryButton.swift; sourceTree = "<group>"; };
		FA6237FF2524817400CCBF8C /* AppColors.xcassets */ = {isa = PBXFileReference; lastKnownFileType = folder.assetcatalog; path = AppColors.xcassets; sourceTree = "<group>"; };
		FA62380F25248B6800CCBF8C /* Track.swift */ = {isa = PBXFileReference; lastKnownFileType = sourcecode.swift; path = Track.swift; sourceTree = "<group>"; };
		FA62381C2524992500CCBF8C /* Location.swift */ = {isa = PBXFileReference; lastKnownFileType = sourcecode.swift; path = Location.swift; sourceTree = "<group>"; };
		FA62382325249B2D00CCBF8C /* MapViewModel.swift */ = {isa = PBXFileReference; lastKnownFileType = sourcecode.swift; path = MapViewModel.swift; sourceTree = "<group>"; };
		FA62383A25273E2000CCBF8C /* MusicTracksViewModel.swift */ = {isa = PBXFileReference; lastKnownFileType = sourcecode.swift; path = MusicTracksViewModel.swift; sourceTree = "<group>"; };
		FA62383E25273E5200CCBF8C /* MusicTracksViewController.swift */ = {isa = PBXFileReference; lastKnownFileType = sourcecode.swift; path = MusicTracksViewController.swift; sourceTree = "<group>"; };
		FA62384225273F6900CCBF8C /* Coordinator.swift */ = {isa = PBXFileReference; lastKnownFileType = sourcecode.swift; path = Coordinator.swift; sourceTree = "<group>"; };
		FA6238462527408D00CCBF8C /* AppCoordinator.swift */ = {isa = PBXFileReference; lastKnownFileType = sourcecode.swift; path = AppCoordinator.swift; sourceTree = "<group>"; };
		FA6238492527429E00CCBF8C /* DIContainer.swift */ = {isa = PBXFileReference; lastKnownFileType = sourcecode.swift; path = DIContainer.swift; sourceTree = "<group>"; };
		FA62384D252744B200CCBF8C /* RightCoordinator.swift */ = {isa = PBXFileReference; lastKnownFileType = sourcecode.swift; path = RightCoordinator.swift; sourceTree = "<group>"; };
		FA623851252770D400CCBF8C /* MainCoordinator.swift */ = {isa = PBXFileReference; lastKnownFileType = sourcecode.swift; path = MainCoordinator.swift; sourceTree = "<group>"; };
		FA623855252779BD00CCBF8C /* MusicTracksCoordinator.swift */ = {isa = PBXFileReference; lastKnownFileType = sourcecode.swift; path = MusicTracksCoordinator.swift; sourceTree = "<group>"; };
		FA62385A2528656500CCBF8C /* RowLayout.swift */ = {isa = PBXFileReference; lastKnownFileType = sourcecode.swift; path = RowLayout.swift; sourceTree = "<group>"; };
		FA62385E25286B5D00CCBF8C /* MusicTracks.xcassets */ = {isa = PBXFileReference; lastKnownFileType = folder.assetcatalog; path = MusicTracks.xcassets; sourceTree = "<group>"; };
		FA62386225286BC000CCBF8C /* MusicTrackCell.swift */ = {isa = PBXFileReference; lastKnownFileType = sourcecode.swift; path = MusicTrackCell.swift; sourceTree = "<group>"; };
		FA62386E2528812300CCBF8C /* Right.xcassets */ = {isa = PBXFileReference; lastKnownFileType = folder.assetcatalog; path = Right.xcassets; sourceTree = "<group>"; };
		FA6238712528824E00CCBF8C /* Player.xcassets */ = {isa = PBXFileReference; lastKnownFileType = folder.assetcatalog; path = Player.xcassets; sourceTree = "<group>"; };
		FA6238752528974100CCBF8C /* User.swift */ = {isa = PBXFileReference; lastKnownFileType = sourcecode.swift; path = User.swift; sourceTree = "<group>"; };
		FA62387925289A1300CCBF8C /* LoginViewController.swift */ = {isa = PBXFileReference; lastKnownFileType = sourcecode.swift; path = LoginViewController.swift; sourceTree = "<group>"; };
		FA62387D25289A4900CCBF8C /* LoginCoordinator.swift */ = {isa = PBXFileReference; lastKnownFileType = sourcecode.swift; path = LoginCoordinator.swift; sourceTree = "<group>"; };
		FA62388025289A6100CCBF8C /* LoginViewModel.swift */ = {isa = PBXFileReference; lastKnownFileType = sourcecode.swift; path = LoginViewModel.swift; sourceTree = "<group>"; };
		FA62388325289AEE00CCBF8C /* Colors.swift */ = {isa = PBXFileReference; lastKnownFileType = sourcecode.swift; path = Colors.swift; sourceTree = "<group>"; };
		FA62388F25289D2800CCBF8C /* UserDefaults+auth.swift */ = {isa = PBXFileReference; lastKnownFileType = sourcecode.swift; path = "UserDefaults+auth.swift"; sourceTree = "<group>"; };
		FA6238932528F3CE00CCBF8C /* RegistraionCoordinator.swift */ = {isa = PBXFileReference; lastKnownFileType = sourcecode.swift; path = RegistraionCoordinator.swift; sourceTree = "<group>"; };
		FA6238972528F48800CCBF8C /* RegstrationViewController.swift */ = {isa = PBXFileReference; lastKnownFileType = sourcecode.swift; path = RegstrationViewController.swift; sourceTree = "<group>"; };
		FA62389A25291CBC00CCBF8C /* RegistrationViewModel.swift */ = {isa = PBXFileReference; lastKnownFileType = sourcecode.swift; path = RegistrationViewModel.swift; sourceTree = "<group>"; };
		FA88C878251A6C28002C9A7F /* TeslaConcept.app */ = {isa = PBXFileReference; explicitFileType = wrapper.application; includeInIndex = 0; path = TeslaConcept.app; sourceTree = BUILT_PRODUCTS_DIR; };
		FA88C87B251A6C28002C9A7F /* AppDelegate.swift */ = {isa = PBXFileReference; lastKnownFileType = sourcecode.swift; path = AppDelegate.swift; sourceTree = "<group>"; };
		FA88C884251A6C2B002C9A7F /* Assets.xcassets */ = {isa = PBXFileReference; lastKnownFileType = folder.assetcatalog; path = Assets.xcassets; sourceTree = "<group>"; };
		FA88C887251A6C2B002C9A7F /* Base */ = {isa = PBXFileReference; lastKnownFileType = file.storyboard; name = Base; path = Base.lproj/LaunchScreen.storyboard; sourceTree = "<group>"; };
		FA88C889251A6C2B002C9A7F /* Info.plist */ = {isa = PBXFileReference; lastKnownFileType = text.plist.xml; path = Info.plist; sourceTree = "<group>"; };
		FF7510DF19F0A7725EEB92EC /* Pods-TeslaConcept.release.xcconfig */ = {isa = PBXFileReference; includeInIndex = 1; lastKnownFileType = text.xcconfig; name = "Pods-TeslaConcept.release.xcconfig"; path = "Target Support Files/Pods-TeslaConcept/Pods-TeslaConcept.release.xcconfig"; sourceTree = "<group>"; };
/* End PBXFileReference section */

/* Begin PBXFrameworksBuildPhase section */
		FA88C875251A6C28002C9A7F /* Frameworks */ = {
			isa = PBXFrameworksBuildPhase;
			buildActionMask = 2147483647;
			files = (
				BBDC7D9D9B43B9354D4A188F /* Pods_TeslaConcept.framework in Frameworks */,
			);
			runOnlyForDeploymentPostprocessing = 0;
		};
/* End PBXFrameworksBuildPhase section */

/* Begin PBXGroup section */
		B67FD5C284390DE845204D6A /* Frameworks */ = {
			isa = PBXGroup;
			children = (
				53727D41AA6A19FFB3E068DD /* Pods_TeslaConcept.framework */,
			);
			name = Frameworks;
			sourceTree = "<group>";
		};
		D6B4EC06471AF4E41903EDE9 /* Pods */ = {
			isa = PBXGroup;
			children = (
				452158478D1AFB3950D2AC54 /* Pods-TeslaConcept.debug.xcconfig */,
				FF7510DF19F0A7725EEB92EC /* Pods-TeslaConcept.release.xcconfig */,
			);
			path = Pods;
			sourceTree = "<group>";
		};
		F121CFCC251F930C003143D7 /* Screens */ = {
			isa = PBXGroup;
			children = (
				FA623878252899C400CCBF8C /* Login */,
				FA6238922528F3A400CCBF8C /* Registration */,
				FA6238502527709000CCBF8C /* Main */,
				FA6237FF2524817400CCBF8C /* AppColors.xcassets */,
			);
			path = Screens;
			sourceTree = "<group>";
		};
		F121CFD8251FBA11003143D7 /* Left */ = {
			isa = PBXGroup;
			children = (
				FA6237FA2524800400CCBF8C /* Views */,
				FA4B8819251D1A96005ECE5F /* Left.xcassets */,
				FA4B8817251D130B005ECE5F /* LeftViewController.swift */,
				F121CFDA251FBAFF003143D7 /* LeftViewModel.swift */,
			);
			path = Left;
			sourceTree = "<group>";
		};
		F121CFD9251FBA20003143D7 /* Right */ = {
			isa = PBXGroup;
			children = (
				FA62383925273DA800CCBF8C /* MusicTracks */,
				FA4B881B251D458B005ECE5F /* RightViewController.swift */,
				FA62382325249B2D00CCBF8C /* MapViewModel.swift */,
				FA62384D252744B200CCBF8C /* RightCoordinator.swift */,
				FA62386E2528812300CCBF8C /* Right.xcassets */,
			);
			path = Right;
			sourceTree = "<group>";
		};
		FA6237FA2524800400CCBF8C /* Views */ = {
			isa = PBXGroup;
			children = (
				FA6237FB2524801600CCBF8C /* PrimaryButton.swift */,
			);
			path = Views;
			sourceTree = "<group>";
		};
		FA62380D25248B1400CCBF8C /* RealmModels */ = {
			isa = PBXGroup;
			children = (
				FA62380F25248B6800CCBF8C /* Track.swift */,
				FA62381C2524992500CCBF8C /* Location.swift */,
				FA6238752528974100CCBF8C /* User.swift */,
			);
			path = RealmModels;
			sourceTree = "<group>";
		};
		FA62383925273DA800CCBF8C /* MusicTracks */ = {
			isa = PBXGroup;
			children = (
				FA6238592528655800CCBF8C /* CollectionView */,
				FA62383A25273E2000CCBF8C /* MusicTracksViewModel.swift */,
				FA62383E25273E5200CCBF8C /* MusicTracksViewController.swift */,
				FA623855252779BD00CCBF8C /* MusicTracksCoordinator.swift */,
				FA62385E25286B5D00CCBF8C /* MusicTracks.xcassets */,
				FA6238712528824E00CCBF8C /* Player.xcassets */,
			);
			path = MusicTracks;
			sourceTree = "<group>";
		};
		FA6238452527405700CCBF8C /* Common */ = {
			isa = PBXGroup;
			children = (
				FA62384225273F6900CCBF8C /* Coordinator.swift */,
				FA62388325289AEE00CCBF8C /* Colors.swift */,
				FA62388F25289D2800CCBF8C /* UserDefaults+auth.swift */,
			);
			path = Common;
			sourceTree = "<group>";
		};
		FA6238502527709000CCBF8C /* Main */ = {
			isa = PBXGroup;
			children = (
				FA4B8815251D10B7005ECE5F /* SplitViewController.swift */,
				F121CFD8251FBA11003143D7 /* Left */,
				F121CFD9251FBA20003143D7 /* Right */,
				FA623851252770D400CCBF8C /* MainCoordinator.swift */,
			);
			path = Main;
			sourceTree = "<group>";
		};
		FA6238592528655800CCBF8C /* CollectionView */ = {
			isa = PBXGroup;
			children = (
				FA62385A2528656500CCBF8C /* RowLayout.swift */,
				FA62386225286BC000CCBF8C /* MusicTrackCell.swift */,
			);
			path = CollectionView;
			sourceTree = "<group>";
		};
		FA623878252899C400CCBF8C /* Login */ = {
			isa = PBXGroup;
			children = (
				FA62387D25289A4900CCBF8C /* LoginCoordinator.swift */,
				FA62387925289A1300CCBF8C /* LoginViewController.swift */,
				FA62388025289A6100CCBF8C /* LoginViewModel.swift */,
			);
			path = Login;
			sourceTree = "<group>";
		};
		FA6238922528F3A400CCBF8C /* Registration */ = {
			isa = PBXGroup;
			children = (
				FA6238932528F3CE00CCBF8C /* RegistraionCoordinator.swift */,
				FA62389A25291CBC00CCBF8C /* RegistrationViewModel.swift */,
				FA6238972528F48800CCBF8C /* RegstrationViewController.swift */,
			);
			path = Registration;
			sourceTree = "<group>";
		};
		FA88C86F251A6C28002C9A7F = {
			isa = PBXGroup;
			children = (
				FA88C87A251A6C28002C9A7F /* TeslaConcept */,
				FA88C879251A6C28002C9A7F /* Products */,
				D6B4EC06471AF4E41903EDE9 /* Pods */,
				B67FD5C284390DE845204D6A /* Frameworks */,
			);
			sourceTree = "<group>";
		};
		FA88C879251A6C28002C9A7F /* Products */ = {
			isa = PBXGroup;
			children = (
				FA88C878251A6C28002C9A7F /* TeslaConcept.app */,
			);
			name = Products;
			sourceTree = "<group>";
		};
		FA88C87A251A6C28002C9A7F /* TeslaConcept */ = {
			isa = PBXGroup;
			children = (
				F121CFD2251F9AEC003143D7 /* mapStyleConfig.json */,
				FA88C87B251A6C28002C9A7F /* AppDelegate.swift */,
				FA6238462527408D00CCBF8C /* AppCoordinator.swift */,
				FA6238492527429E00CCBF8C /* DIContainer.swift */,
				FA6238452527405700CCBF8C /* Common */,
				FA62380D25248B1400CCBF8C /* RealmModels */,
				F121CFCC251F930C003143D7 /* Screens */,
				FA88C884251A6C2B002C9A7F /* Assets.xcassets */,
				FA88C886251A6C2B002C9A7F /* LaunchScreen.storyboard */,
				FA88C889251A6C2B002C9A7F /* Info.plist */,
				F121CFDE251FE694003143D7 /* Store.swift */,
			);
			path = TeslaConcept;
			sourceTree = "<group>";
		};
/* End PBXGroup section */

/* Begin PBXNativeTarget section */
		FA88C877251A6C28002C9A7F /* TeslaConcept */ = {
			isa = PBXNativeTarget;
			buildConfigurationList = FA88C88C251A6C2B002C9A7F /* Build configuration list for PBXNativeTarget "TeslaConcept" */;
			buildPhases = (
				56B12397B5CA8529427E4C95 /* [CP] Check Pods Manifest.lock */,
				FA88C874251A6C28002C9A7F /* Sources */,
				FA88C875251A6C28002C9A7F /* Frameworks */,
				FA88C876251A6C28002C9A7F /* Resources */,
				42B895A793A338B1B9ED3232 /* [CP] Embed Pods Frameworks */,
				EBE31BB5B1526C1A58BE7B53 /* [CP] Copy Pods Resources */,
			);
			buildRules = (
			);
			dependencies = (
			);
			name = TeslaConcept;
			productName = TeslaConcept;
			productReference = FA88C878251A6C28002C9A7F /* TeslaConcept.app */;
			productType = "com.apple.product-type.application";
		};
/* End PBXNativeTarget section */

/* Begin PBXProject section */
		FA88C870251A6C28002C9A7F /* Project object */ = {
			isa = PBXProject;
			attributes = {
				LastSwiftUpdateCheck = 1120;
				LastUpgradeCheck = 1120;
				ORGANIZATIONNAME = "Kirill Khudiakov";
				TargetAttributes = {
					FA88C877251A6C28002C9A7F = {
						CreatedOnToolsVersion = 11.2;
					};
				};
			};
			buildConfigurationList = FA88C873251A6C28002C9A7F /* Build configuration list for PBXProject "TeslaConcept" */;
			compatibilityVersion = "Xcode 9.3";
			developmentRegion = en;
			hasScannedForEncodings = 0;
			knownRegions = (
				en,
				Base,
			);
			mainGroup = FA88C86F251A6C28002C9A7F;
			productRefGroup = FA88C879251A6C28002C9A7F /* Products */;
			projectDirPath = "";
			projectRoot = "";
			targets = (
				FA88C877251A6C28002C9A7F /* TeslaConcept */,
			);
		};
/* End PBXProject section */

/* Begin PBXResourcesBuildPhase section */
		FA88C876251A6C28002C9A7F /* Resources */ = {
			isa = PBXResourcesBuildPhase;
			buildActionMask = 2147483647;
			files = (
				FA6238722528824E00CCBF8C /* Player.xcassets in Resources */,
				F121CFD3251F9AEC003143D7 /* mapStyleConfig.json in Resources */,
				FA6238002524817400CCBF8C /* AppColors.xcassets in Resources */,
				FA88C888251A6C2B002C9A7F /* LaunchScreen.storyboard in Resources */,
				FA62385F25286B5D00CCBF8C /* MusicTracks.xcassets in Resources */,
				FA62386F2528812300CCBF8C /* Right.xcassets in Resources */,
				FA4B881A251D1A96005ECE5F /* Left.xcassets in Resources */,
				FA88C885251A6C2B002C9A7F /* Assets.xcassets in Resources */,
			);
			runOnlyForDeploymentPostprocessing = 0;
		};
/* End PBXResourcesBuildPhase section */

/* Begin PBXShellScriptBuildPhase section */
		42B895A793A338B1B9ED3232 /* [CP] Embed Pods Frameworks */ = {
			isa = PBXShellScriptBuildPhase;
			buildActionMask = 2147483647;
			files = (
			);
			inputFileListPaths = (
				"${PODS_ROOT}/Target Support Files/Pods-TeslaConcept/Pods-TeslaConcept-frameworks-${CONFIGURATION}-input-files.xcfilelist",
			);
			name = "[CP] Embed Pods Frameworks";
			outputFileListPaths = (
				"${PODS_ROOT}/Target Support Files/Pods-TeslaConcept/Pods-TeslaConcept-frameworks-${CONFIGURATION}-output-files.xcfilelist",
			);
			runOnlyForDeploymentPostprocessing = 0;
			shellPath = /bin/sh;
			shellScript = "\"${PODS_ROOT}/Target Support Files/Pods-TeslaConcept/Pods-TeslaConcept-frameworks.sh\"\n";
			showEnvVarsInLog = 0;
		};
		56B12397B5CA8529427E4C95 /* [CP] Check Pods Manifest.lock */ = {
			isa = PBXShellScriptBuildPhase;
			buildActionMask = 2147483647;
			files = (
			);
			inputFileListPaths = (
			);
			inputPaths = (
				"${PODS_PODFILE_DIR_PATH}/Podfile.lock",
				"${PODS_ROOT}/Manifest.lock",
			);
			name = "[CP] Check Pods Manifest.lock";
			outputFileListPaths = (
			);
			outputPaths = (
				"$(DERIVED_FILE_DIR)/Pods-TeslaConcept-checkManifestLockResult.txt",
			);
			runOnlyForDeploymentPostprocessing = 0;
			shellPath = /bin/sh;
			shellScript = "diff \"${PODS_PODFILE_DIR_PATH}/Podfile.lock\" \"${PODS_ROOT}/Manifest.lock\" > /dev/null\nif [ $? != 0 ] ; then\n    # print error to STDERR\n    echo \"error: The sandbox is not in sync with the Podfile.lock. Run 'pod install' or update your CocoaPods installation.\" >&2\n    exit 1\nfi\n# This output is used by Xcode 'outputs' to avoid re-running this script phase.\necho \"SUCCESS\" > \"${SCRIPT_OUTPUT_FILE_0}\"\n";
			showEnvVarsInLog = 0;
		};
		EBE31BB5B1526C1A58BE7B53 /* [CP] Copy Pods Resources */ = {
			isa = PBXShellScriptBuildPhase;
			buildActionMask = 2147483647;
			files = (
			);
			inputFileListPaths = (
				"${PODS_ROOT}/Target Support Files/Pods-TeslaConcept/Pods-TeslaConcept-resources-${CONFIGURATION}-input-files.xcfilelist",
			);
			name = "[CP] Copy Pods Resources";
			outputFileListPaths = (
				"${PODS_ROOT}/Target Support Files/Pods-TeslaConcept/Pods-TeslaConcept-resources-${CONFIGURATION}-output-files.xcfilelist",
			);
			runOnlyForDeploymentPostprocessing = 0;
			shellPath = /bin/sh;
			shellScript = "\"${PODS_ROOT}/Target Support Files/Pods-TeslaConcept/Pods-TeslaConcept-resources.sh\"\n";
			showEnvVarsInLog = 0;
		};
/* End PBXShellScriptBuildPhase section */

/* Begin PBXSourcesBuildPhase section */
		FA88C874251A6C28002C9A7F /* Sources */ = {
			isa = PBXSourcesBuildPhase;
			buildActionMask = 2147483647;
			files = (
				FA62381D2524992500CCBF8C /* Location.swift in Sources */,
				FA62389025289D2800CCBF8C /* UserDefaults+auth.swift in Sources */,
				FA62381025248B6800CCBF8C /* Track.swift in Sources */,
				FA62383B25273E2000CCBF8C /* MusicTracksViewModel.swift in Sources */,
				FA62387A25289A1300CCBF8C /* LoginViewController.swift in Sources */,
				FA623856252779BD00CCBF8C /* MusicTracksCoordinator.swift in Sources */,
				FA6238982528F48800CCBF8C /* RegstrationViewController.swift in Sources */,
				FA88C87C251A6C28002C9A7F /* AppDelegate.swift in Sources */,
				FA62387E25289A4900CCBF8C /* LoginCoordinator.swift in Sources */,
				FA62382425249B2D00CCBF8C /* MapViewModel.swift in Sources */,
				FA4B881C251D458B005ECE5F /* RightViewController.swift in Sources */,
				FA62384325273F6900CCBF8C /* Coordinator.swift in Sources */,
				FA62386325286BC000CCBF8C /* MusicTrackCell.swift in Sources */,
				FA623852252770D400CCBF8C /* MainCoordinator.swift in Sources */,
				FA6238762528974100CCBF8C /* User.swift in Sources */,
				FA62388125289A6100CCBF8C /* LoginViewModel.swift in Sources */,
				FA62384E252744B200CCBF8C /* RightCoordinator.swift in Sources */,
				F121CFDF251FE694003143D7 /* Store.swift in Sources */,
				FA4B8818251D130B005ECE5F /* LeftViewController.swift in Sources */,
				F121CFDB251FBAFF003143D7 /* LeftViewModel.swift in Sources */,
				FA6237FC2524801600CCBF8C /* PrimaryButton.swift in Sources */,
				FA62384A2527429E00CCBF8C /* DIContainer.swift in Sources */,
				FA6238942528F3CE00CCBF8C /* RegistraionCoordinator.swift in Sources */,
				FA62388425289AEE00CCBF8C /* Colors.swift in Sources */,
				FA62389B25291CBC00CCBF8C /* RegistrationViewModel.swift in Sources */,
				FA62385B2528656500CCBF8C /* RowLayout.swift in Sources */,
				FA6238472527408D00CCBF8C /* AppCoordinator.swift in Sources */,
				FA4B8816251D10B7005ECE5F /* SplitViewController.swift in Sources */,
				FA62383F25273E5200CCBF8C /* MusicTracksViewController.swift in Sources */,
			);
			runOnlyForDeploymentPostprocessing = 0;
		};
/* End PBXSourcesBuildPhase section */

/* Begin PBXVariantGroup section */
		FA88C886251A6C2B002C9A7F /* LaunchScreen.storyboard */ = {
			isa = PBXVariantGroup;
			children = (
				FA88C887251A6C2B002C9A7F /* Base */,
			);
			name = LaunchScreen.storyboard;
			sourceTree = "<group>";
		};
/* End PBXVariantGroup section */

/* Begin XCBuildConfiguration section */
		FA88C88A251A6C2B002C9A7F /* Debug */ = {
			isa = XCBuildConfiguration;
			buildSettings = {
				ALWAYS_SEARCH_USER_PATHS = NO;
				CLANG_ANALYZER_NONNULL = YES;
				CLANG_ANALYZER_NUMBER_OBJECT_CONVERSION = YES_AGGRESSIVE;
				CLANG_CXX_LANGUAGE_STANDARD = "gnu++14";
				CLANG_CXX_LIBRARY = "libc++";
				CLANG_ENABLE_MODULES = YES;
				CLANG_ENABLE_OBJC_ARC = YES;
				CLANG_ENABLE_OBJC_WEAK = YES;
				CLANG_WARN_BLOCK_CAPTURE_AUTORELEASING = YES;
				CLANG_WARN_BOOL_CONVERSION = YES;
				CLANG_WARN_COMMA = YES;
				CLANG_WARN_CONSTANT_CONVERSION = YES;
				CLANG_WARN_DEPRECATED_OBJC_IMPLEMENTATIONS = YES;
				CLANG_WARN_DIRECT_OBJC_ISA_USAGE = YES_ERROR;
				CLANG_WARN_DOCUMENTATION_COMMENTS = YES;
				CLANG_WARN_EMPTY_BODY = YES;
				CLANG_WARN_ENUM_CONVERSION = YES;
				CLANG_WARN_INFINITE_RECURSION = YES;
				CLANG_WARN_INT_CONVERSION = YES;
				CLANG_WARN_NON_LITERAL_NULL_CONVERSION = YES;
				CLANG_WARN_OBJC_IMPLICIT_RETAIN_SELF = YES;
				CLANG_WARN_OBJC_LITERAL_CONVERSION = YES;
				CLANG_WARN_OBJC_ROOT_CLASS = YES_ERROR;
				CLANG_WARN_RANGE_LOOP_ANALYSIS = YES;
				CLANG_WARN_STRICT_PROTOTYPES = YES;
				CLANG_WARN_SUSPICIOUS_MOVE = YES;
				CLANG_WARN_UNGUARDED_AVAILABILITY = YES_AGGRESSIVE;
				CLANG_WARN_UNREACHABLE_CODE = YES;
				CLANG_WARN__DUPLICATE_METHOD_MATCH = YES;
				COPY_PHASE_STRIP = NO;
				DEBUG_INFORMATION_FORMAT = dwarf;
				ENABLE_STRICT_OBJC_MSGSEND = YES;
				ENABLE_TESTABILITY = YES;
				GCC_C_LANGUAGE_STANDARD = gnu11;
				GCC_DYNAMIC_NO_PIC = NO;
				GCC_NO_COMMON_BLOCKS = YES;
				GCC_OPTIMIZATION_LEVEL = 0;
				GCC_PREPROCESSOR_DEFINITIONS = (
					"DEBUG=1",
					"$(inherited)",
				);
				GCC_WARN_64_TO_32_BIT_CONVERSION = YES;
				GCC_WARN_ABOUT_RETURN_TYPE = YES_ERROR;
				GCC_WARN_UNDECLARED_SELECTOR = YES;
				GCC_WARN_UNINITIALIZED_AUTOS = YES_AGGRESSIVE;
				GCC_WARN_UNUSED_FUNCTION = YES;
				GCC_WARN_UNUSED_VARIABLE = YES;
				IPHONEOS_DEPLOYMENT_TARGET = 13.2;
				MTL_ENABLE_DEBUG_INFO = INCLUDE_SOURCE;
				MTL_FAST_MATH = YES;
				ONLY_ACTIVE_ARCH = YES;
				OTHER_LDFLAGS = "$(inherited)";
				SDKROOT = iphoneos;
				SWIFT_ACTIVE_COMPILATION_CONDITIONS = DEBUG;
				SWIFT_OPTIMIZATION_LEVEL = "-Onone";
			};
			name = Debug;
		};
		FA88C88B251A6C2B002C9A7F /* Release */ = {
			isa = XCBuildConfiguration;
			buildSettings = {
				ALWAYS_SEARCH_USER_PATHS = NO;
				CLANG_ANALYZER_NONNULL = YES;
				CLANG_ANALYZER_NUMBER_OBJECT_CONVERSION = YES_AGGRESSIVE;
				CLANG_CXX_LANGUAGE_STANDARD = "gnu++14";
				CLANG_CXX_LIBRARY = "libc++";
				CLANG_ENABLE_MODULES = YES;
				CLANG_ENABLE_OBJC_ARC = YES;
				CLANG_ENABLE_OBJC_WEAK = YES;
				CLANG_WARN_BLOCK_CAPTURE_AUTORELEASING = YES;
				CLANG_WARN_BOOL_CONVERSION = YES;
				CLANG_WARN_COMMA = YES;
				CLANG_WARN_CONSTANT_CONVERSION = YES;
				CLANG_WARN_DEPRECATED_OBJC_IMPLEMENTATIONS = YES;
				CLANG_WARN_DIRECT_OBJC_ISA_USAGE = YES_ERROR;
				CLANG_WARN_DOCUMENTATION_COMMENTS = YES;
				CLANG_WARN_EMPTY_BODY = YES;
				CLANG_WARN_ENUM_CONVERSION = YES;
				CLANG_WARN_INFINITE_RECURSION = YES;
				CLANG_WARN_INT_CONVERSION = YES;
				CLANG_WARN_NON_LITERAL_NULL_CONVERSION = YES;
				CLANG_WARN_OBJC_IMPLICIT_RETAIN_SELF = YES;
				CLANG_WARN_OBJC_LITERAL_CONVERSION = YES;
				CLANG_WARN_OBJC_ROOT_CLASS = YES_ERROR;
				CLANG_WARN_RANGE_LOOP_ANALYSIS = YES;
				CLANG_WARN_STRICT_PROTOTYPES = YES;
				CLANG_WARN_SUSPICIOUS_MOVE = YES;
				CLANG_WARN_UNGUARDED_AVAILABILITY = YES_AGGRESSIVE;
				CLANG_WARN_UNREACHABLE_CODE = YES;
				CLANG_WARN__DUPLICATE_METHOD_MATCH = YES;
				COPY_PHASE_STRIP = NO;
				DEBUG_INFORMATION_FORMAT = "dwarf-with-dsym";
				ENABLE_NS_ASSERTIONS = NO;
				ENABLE_STRICT_OBJC_MSGSEND = YES;
				GCC_C_LANGUAGE_STANDARD = gnu11;
				GCC_NO_COMMON_BLOCKS = YES;
				GCC_WARN_64_TO_32_BIT_CONVERSION = YES;
				GCC_WARN_ABOUT_RETURN_TYPE = YES_ERROR;
				GCC_WARN_UNDECLARED_SELECTOR = YES;
				GCC_WARN_UNINITIALIZED_AUTOS = YES_AGGRESSIVE;
				GCC_WARN_UNUSED_FUNCTION = YES;
				GCC_WARN_UNUSED_VARIABLE = YES;
				IPHONEOS_DEPLOYMENT_TARGET = 13.2;
				MTL_ENABLE_DEBUG_INFO = NO;
				MTL_FAST_MATH = YES;
				OTHER_LDFLAGS = "$(inherited)";
				SDKROOT = iphoneos;
				SWIFT_COMPILATION_MODE = wholemodule;
				SWIFT_OPTIMIZATION_LEVEL = "-O";
				VALIDATE_PRODUCT = YES;
			};
			name = Release;
		};
		FA88C88D251A6C2B002C9A7F /* Debug */ = {
			isa = XCBuildConfiguration;
			baseConfigurationReference = 452158478D1AFB3950D2AC54 /* Pods-TeslaConcept.debug.xcconfig */;
			buildSettings = {
				ASSETCATALOG_COMPILER_APPICON_NAME = AppIcon;
				CODE_SIGN_STYLE = Automatic;
				DEVELOPMENT_TEAM = RF42FG352F;
				GCC_PREPROCESSOR_DEFINITIONS = (
					"$(inherited)",
					"COCOAPODS=1",
					"USE_GOOGLE_MAPS=1",
				);
				INFOPLIST_FILE = TeslaConcept/Info.plist;
				IPHONEOS_DEPLOYMENT_TARGET = 13.0;
				LD_RUNPATH_SEARCH_PATHS = (
					"$(inherited)",
					"@executable_path/Frameworks",
				);
				PRODUCT_BUNDLE_IDENTIFIER = ru.adeveloper.TeslaConcept;
				PRODUCT_NAME = "$(TARGET_NAME)";
				SWIFT_VERSION = 5.0;
				TARGETED_DEVICE_FAMILY = 2;
			};
			name = Debug;
		};
		FA88C88E251A6C2B002C9A7F /* Release */ = {
			isa = XCBuildConfiguration;
			baseConfigurationReference = FF7510DF19F0A7725EEB92EC /* Pods-TeslaConcept.release.xcconfig */;
			buildSettings = {
				ASSETCATALOG_COMPILER_APPICON_NAME = AppIcon;
				CODE_SIGN_STYLE = Automatic;
				DEVELOPMENT_TEAM = RF42FG352F;
				GCC_PREPROCESSOR_DEFINITIONS = (
					"$(inherited)",
					"COCOAPODS=1",
					USE_GOOGLE_MAPS,
					"=",
					1,
				);
				INFOPLIST_FILE = TeslaConcept/Info.plist;
				IPHONEOS_DEPLOYMENT_TARGET = 13.0;
				LD_RUNPATH_SEARCH_PATHS = (
					"$(inherited)",
					"@executable_path/Frameworks",
				);
				PRODUCT_BUNDLE_IDENTIFIER = ru.adeveloper.TeslaConcept;
				PRODUCT_NAME = "$(TARGET_NAME)";
				SWIFT_VERSION = 5.0;
				TARGETED_DEVICE_FAMILY = 2;
			};
			name = Release;
		};
/* End XCBuildConfiguration section */

/* Begin XCConfigurationList section */
		FA88C873251A6C28002C9A7F /* Build configuration list for PBXProject "TeslaConcept" */ = {
			isa = XCConfigurationList;
			buildConfigurations = (
				FA88C88A251A6C2B002C9A7F /* Debug */,
				FA88C88B251A6C2B002C9A7F /* Release */,
			);
			defaultConfigurationIsVisible = 0;
			defaultConfigurationName = Release;
		};
		FA88C88C251A6C2B002C9A7F /* Build configuration list for PBXNativeTarget "TeslaConcept" */ = {
			isa = XCConfigurationList;
			buildConfigurations = (
				FA88C88D251A6C2B002C9A7F /* Debug */,
				FA88C88E251A6C2B002C9A7F /* Release */,
			);
			defaultConfigurationIsVisible = 0;
			defaultConfigurationName = Release;
		};
/* End XCConfigurationList section */
	};
	rootObject = FA88C870251A6C28002C9A7F /* Project object */;
}
